# THIS IS AN AUTOGENERATED FILE. DO NOT EDIT THIS FILE DIRECTLY.
# yarn lockfile v1


autoresponsive-core@^1.0.1:
  version "1.0.1"
  resolved "https://registry.yarnpkg.com/autoresponsive-core/-/autoresponsive-core-1.0.1.tgz#cbb77dffb5ee625fe3dae867671050632ba04916"

autoresponsive-react@^1.1.27:
  version "1.1.27"
  resolved "https://registry.yarnpkg.com/autoresponsive-react/-/autoresponsive-react-1.1.27.tgz#9908d6ee415b3074af590e1491af4a9ad1816751"
  dependencies:
    autoresponsive-core "^1.0.1"
    exenv "^1.2.0"

exenv@^1.2.0:
  version "1.2.2"
  resolved "https://registry.yarnpkg.com/exenv/-/exenv-1.2.2.tgz#2ae78e85d9894158670b03d47bec1f03bd91bb9d"
